
Microsoft Visual Studio Solution File, Format Version 12.00
# Visual Studio Version 16
VisualStudioVersion = 16.0.31729.503
MinimumVisualStudioVersion = 10.0.40219.1
Project("{FAE04EC0-301F-11D3-BF4B-00C04F79EFBC}") = "ValidationRulesProject", "ValidationRulesProject.csproj", "{2F69685E-933C-421A-B009-08A44B7C71B9}"
EndProject
Global
	GlobalSection(SolutionConfigurationPlatforms) = preSolution
		Debug|Any CPU = Debug|Any CPU
		Release|Any CPU = Release|Any CPU
	EndGlobalSection
	GlobalSection(ProjectConfigurationPlatforms) = postSolution
		{2F69685E-933C-421A-B009-08A44B7C71B9}.Debug|Any CPU.ActiveCfg = Debug|Any CPU
		{2F69685E-933C-421A-B009-08A44B7C71B9}.Debug|Any CPU.Build.0 = Debug|Any CPU
		{2F69685E-933C-421A-B009-08A44B7C71B9}.Release|Any CPU.ActiveCfg = Release|Any CPU
		{2F69685E-933C-421A-B009-08A44B7C71B9}.Release|Any CPU.Build.0 = Release|Any CPU
	EndGlobalSection
	GlobalSection(SolutionProperties) = preSolution
		HideSolutionNode = FALSE
	EndGlobalSection
	GlobalSection(ExtensibilityGlobals) = postSolution
		SolutionGuid = {AEDAA8B8-78CC-4997-B4AA-163FB69C6717}
	EndGlobalSection
EndGlobal
